
Microsoft Visual Studio Solution File, Format Version 9.00
# Visual Studio 2005
Project("{FAE04EC0-301F-11D3-BF4B-00C04F79EFBC}") = "MonoDevelop.TaskForce", "MonoDevelop.TaskForce\MonoDevelop.TaskForce.csproj", "{55380290-808F-4E62-919F-A1D79ED734EB}"
EndProject
Project("{FAE04EC0-301F-11D3-BF4B-00C04F79EFBC}") = "MonoDevelop.TaskForce.LocalProvider", "MonoDevelop.TaskForce.LocalProvider\MonoDevelop.TaskForce.LocalProvider.csproj", "{77C7CB25-E82F-417F-B8EB-40467DC5F892}"
EndProject
Project("{FAE04EC0-301F-11D3-BF4B-00C04F79EFBC}") = "MonoDevelop.TaskForce.BugzillaProvider", "MonoDevelop.TaskForce.BugzillaProvider\MonoDevelop.TaskForce.BugzillaProvider.csproj", "{7582A706-2476-4993-A670-295EE5DDEAE5}"
EndProject
Global
	GlobalSection(SolutionConfigurationPlatforms) = preSolution
		Debug|Any CPU = Debug|Any CPU
		Release|Any CPU = Release|Any CPU
	EndGlobalSection
	GlobalSection(ProjectConfigurationPlatforms) = postSolution
		{55380290-808F-4E62-919F-A1D79ED734EB}.Debug|Any CPU.ActiveCfg = Debug|Any CPU
		{55380290-808F-4E62-919F-A1D79ED734EB}.Debug|Any CPU.Build.0 = Debug|Any CPU
		{55380290-808F-4E62-919F-A1D79ED734EB}.Release|Any CPU.ActiveCfg = Release|Any CPU
		{55380290-808F-4E62-919F-A1D79ED734EB}.Release|Any CPU.Build.0 = Release|Any CPU
		{7582A706-2476-4993-A670-295EE5DDEAE5}.Debug|Any CPU.ActiveCfg = Debug|Any CPU
		{7582A706-2476-4993-A670-295EE5DDEAE5}.Debug|Any CPU.Build.0 = Debug|Any CPU
		{7582A706-2476-4993-A670-295EE5DDEAE5}.Release|Any CPU.ActiveCfg = Release|Any CPU
		{7582A706-2476-4993-A670-295EE5DDEAE5}.Release|Any CPU.Build.0 = Release|Any CPU
		{77C7CB25-E82F-417F-B8EB-40467DC5F892}.Debug|Any CPU.ActiveCfg = Debug|Any CPU
		{77C7CB25-E82F-417F-B8EB-40467DC5F892}.Debug|Any CPU.Build.0 = Debug|Any CPU
		{77C7CB25-E82F-417F-B8EB-40467DC5F892}.Release|Any CPU.ActiveCfg = Release|Any CPU
		{77C7CB25-E82F-417F-B8EB-40467DC5F892}.Release|Any CPU.Build.0 = Release|Any CPU
	EndGlobalSection
	GlobalSection(MonoDevelopProperties) = preSolution
		StartupItem = MonoDevelop.TaskForce\MonoDevelop.TaskForce.csproj
		Policies = $0
		$0.DotNetNamingPolicy = $1
		$1.DirectoryNamespaceAssociation = PrefixedHierarchical
		$1.ResourceNamePolicy = FileFormatDefault
		$0.TextStylePolicy = $2
		$2.FileWidth = 120
		$2.TabWidth = 4
		$2.inheritsSet = Mono
		$2.inheritsScope = text/plain
		$2.scope = text/plain
		$0.TextStylePolicy = $3
		$3.TabWidth = 4
		$3.inheritsSet = Mono
		$3.inheritsScope = text/plain
		$3.scope = text/x-csharp
		$0.CSharpFormattingPolicy = $4
		$4.inheritsSet = Mono
		$4.inheritsScope = text/x-csharp
		$4.scope = text/x-csharp
		$0.TextStylePolicy = $5
		$5.inheritsSet = null
		$5.scope = application/xml
		$0.TextStylePolicy = $6
		$6.inheritsSet = Mono
		$6.inheritsScope = text/plain
		$6.scope = application/x-addin+xml
		$0.StandardHeader = $7
		$7.inheritsSet = MITX11License
	EndGlobalSection
EndGlobal
